// !$*UTF8*$!
{
	archiveVersion = 1;
	classes = {
	};
	objectVersion = 48;
	objects = {

/* Begin PBXBuildFile section */
		C9DBA47D1F8E02630089E871 /* AppDelegate.swift in Sources */ = {isa = PBXBuildFile; fileRef = C9DBA47C1F8E02630089E871 /* AppDelegate.swift */; };
		C9DBA47F1F8E02630089E871 /* ViewController.swift in Sources */ = {isa = PBXBuildFile; fileRef = C9DBA47E1F8E02630089E871 /* ViewController.swift */; };
		C9DBA4821F8E02630089E871 /* Main.storyboard in Resources */ = {isa = PBXBuildFile; fileRef = C9DBA4801F8E02630089E871 /* Main.storyboard */; };
		C9DBA4841F8E02630089E871 /* Assets.xcassets in Resources */ = {isa = PBXBuildFile; fileRef = C9DBA4831F8E02630089E871 /* Assets.xcassets */; };
		C9DBA4871F8E02630089E871 /* LaunchScreen.storyboard in Resources */ = {isa = PBXBuildFile; fileRef = C9DBA4851F8E02630089E871 /* LaunchScreen.storyboard */; };
/* End PBXBuildFile section */

/* Begin PBXFileReference section */
		C9DBA4791F8E02630089E871 /* HelloUISegmentedControl.app */ = {isa = PBXFileReference; explicitFileType = wrapper.application; includeInIndex = 0; path = HelloUISegmentedControl.app; sourceTree = BUILT_PRODUCTS_DIR; };
		C9DBA47C1F8E02630089E871 /* AppDelegate.swift */ = {isa = PBXFileReference; lastKnownFileType = sourcecode.swift; path = AppDelegate.swift; sourceTree = "<group>"; };
		C9DBA47E1F8E02630089E871 /* ViewController.swift */ = {isa = PBXFileReference; lastKnownFileType = sourcecode.swift; path = ViewController.swift; sourceTree = "<group>"; };
		C9DBA4811F8E02630089E871 /* Base */ = {isa = PBXFileReference; lastKnownFileType = file.storyboard; name = Base; path = Base.lproj/Main.storyboard; sourceTree = "<group>"; };
		C9DBA4831F8E02630089E871 /* Assets.xcassets */ = {isa = PBXFileReference; lastKnownFileType = folder.assetcatalog; path = Assets.xcassets; sourceTree = "<group>"; };
		C9DBA4861F8E02630089E871 /* Base */ = {isa = PBXFileReference; lastKnownFileType = file.storyboard; name = Base; path = Base.lproj/LaunchScreen.storyboard; sourceTree = "<group>"; };
		C9DBA4881F8E02630089E871 /* Info.plist */ = {isa = PBXFileReference; lastKnownFileType = text.plist.xml; path = Info.plist; sourceTree = "<group>"; };
/* End PBXFileReference section */

/* Begin PBXFrameworksBuildPhase section */
		C9DBA4761F8E02630089E871 /* Frameworks */ = {
			isa = PBXFrameworksBuildPhase;
			buildActionMask = 2147483647;
			files = (
			);
			runOnlyForDeploymentPostprocessing = 0;
		};
/* End PBXFrameworksBuildPhase section */

/* Begin PBXGroup section */
		C9DBA4701F8E02630089E871 = {
			isa = PBXGroup;
			children = (
				C9DBA47B1F8E02630089E871 /* HelloUISegmentedControl */,
				C9DBA47A1F8E02630089E871 /* Products */,
			);
			sourceTree = "<group>";
		};
		C9DBA47A1F8E02630089E871 /* Products */ = {
			isa = PBXGroup;
			children = (
				C9DBA4791F8E02630089E871 /* HelloUISegmentedControl.app */,
			);
			name = Products;
			sourceTree = "<group>";
		};
		C9DBA47B1F8E02630089E871 /* HelloUISegmentedControl */ = {
			isa = PBXGroup;
			children = (
				C9DBA47C1F8E02630089E871 /* AppDelegate.swift */,
				C9DBA47E1F8E02630089E871 /* ViewController.swift */,
				C9DBA4801F8E02630089E871 /* Main.storyboard */,
				C9DBA4831F8E02630089E871 /* Assets.xcassets */,
				C9DBA4851F8E02630089E871 /* LaunchScreen.storyboard */,
				C9DBA4881F8E02630089E871 /* Info.plist */,
			);
			path = HelloUISegmentedControl;
			sourceTree = "<group>";
		};
/* End PBXGroup section */

/* Begin PBXNativeTarget section */
		C9DBA4781F8E02630089E871 /* HelloUISegmentedControl */ = {
			isa = PBXNativeTarget;
			buildConfigurationList = C9DBA48B1F8E02630089E871 /* Build configuration list for PBXNativeTarget "HelloUISegmentedControl" */;
			buildPhases = (
				C9DBA4751F8E02630089E871 /* Sources */,
				C9DBA4761F8E02630089E871 /* Frameworks */,
				C9DBA4771F8E02630089E871 /* Resources */,
			);
			buildRules = (
			);
			dependencies = (
			);
			name = HelloUISegmentedControl;
			productName = HelloUISegmentedControl;
			productReference = C9DBA4791F8E02630089E871 /* HelloUISegmentedControl.app */;
			productType = "com.apple.product-type.application";
		};
/* End PBXNativeTarget section */

/* Begin PBXProject section */
		C9DBA4711F8E02630089E871 /* Project object */ = {
			isa = PBXProject;
			attributes = {
				LastSwiftUpdateCheck = 0900;
				LastUpgradeCheck = 0900;
				ORGANIZATIONNAME = zhangzp;
				TargetAttributes = {
					C9DBA4781F8E02630089E871 = {
						CreatedOnToolsVersion = 9.0;
					};
				};
			};
			buildConfigurationList = C9DBA4741F8E02630089E871 /* Build configuration list for PBXProject "HelloUISegmentedControl" */;
			compatibilityVersion = "Xcode 8.0";
			developmentRegion = en;
			hasScannedForEncodings = 0;
			knownRegions = (
				en,
				Base,
			);
			mainGroup = C9DBA4701F8E02630089E871;
			productRefGroup = C9DBA47A1F8E02630089E871 /* Products */;
			projectDirPath = "";
			projectRoot = "";
			targets = (
				C9DBA4781F8E02630089E871 /* HelloUISegmentedControl */,
			);
		};
/* End PBXProject section */

/* Begin PBXResourcesBuildPhase section */
		C9DBA4771F8E02630089E871 /* Resources */ = {
			isa = PBXResourcesBuildPhase;
			buildActionMask = 2147483647;
			files = (
				C9DBA4871F8E02630089E871 /* LaunchScreen.storyboard in Resources */,
				C9DBA4841F8E02630089E871 /* Assets.xcassets in Resources */,
				C9DBA4821F8E02630089E871 /* Main.storyboard in Resources */,
			);
			runOnlyForDeploymentPostprocessing = 0;
		};
/* End PBXResourcesBuildPhase section */

/* Begin PBXSourcesBuildPhase section */
		C9DBA4751F8E02630089E871 /* Sources */ = {
			isa = PBXSourcesBuildPhase;
			buildActionMask = 2147483647;
			files = (
				C9DBA47F1F8E02630089E871 /* ViewController.swift in Sources */,
				C9DBA47D1F8E02630089E871 /* AppDelegate.swift in Sources */,
			);
			runOnlyForDeploymentPostprocessing = 0;
		};
/* End PBXSourcesBuildPhase section */

/* Begin PBXVariantGroup section */
		C9DBA4801F8E02630089E871 /* Main.storyboard */ = {
			isa = PBXVariantGroup;
			children = (
				C9DBA4811F8E02630089E871 /* Base */,
			);
			name = Main.storyboard;
			sourceTree = "<group>";
		};
		C9DBA4851F8E02630089E871 /* LaunchScreen.storyboard */ = {
			isa = PBXVariantGroup;
			children = (
				C9DBA4861F8E02630089E871 /* Base */,
			);
			name = LaunchScreen.storyboard;
			sourceTree = "<group>";
		};
/* End PBXVariantGroup section */

/* Begin XCBuildConfiguration section */
		C9DBA4891F8E02630089E871 /* Debug */ = {
			isa = XCBuildConfiguration;
			buildSettings = {
				ALWAYS_SEARCH_USER_PATHS = NO;
				CLANG_ANALYZER_NONNULL = YES;
				CLANG_ANALYZER_NUMBER_OBJECT_CONVERSION = YES_AGGRESSIVE;
				CLANG_CXX_LANGUAGE_STANDARD = "gnu++14";
				CLANG_CXX_LIBRARY = "libc++";
				CLANG_ENABLE_MODULES = YES;
				CLANG_ENABLE_OBJC_ARC = YES;
				CLANG_WARN_BLOCK_CAPTURE_AUTORELEASING = YES;
				CLANG_WARN_BOOL_CONVERSION = YES;
				CLANG_WARN_COMMA = YES;
				CLANG_WARN_CONSTANT_CONVERSION = YES;
				CLANG_WARN_DIRECT_OBJC_ISA_USAGE = YES_ERROR;
				CLANG_WARN_DOCUMENTATION_COMMENTS = YES;
				CLANG_WARN_EMPTY_BODY = YES;
				CLANG_WARN_ENUM_CONVERSION = YES;
				CLANG_WARN_INFINITE_RECURSION = YES;
				CLANG_WARN_INT_CONVERSION = YES;
				CLANG_WARN_NON_LITERAL_NULL_CONVERSION = YES;
				CLANG_WARN_OBJC_LITERAL_CONVERSION = YES;
				CLANG_WARN_OBJC_ROOT_CLASS = YES_ERROR;
				CLANG_WARN_RANGE_LOOP_ANALYSIS = YES;
				CLANG_WARN_STRICT_PROTOTYPES = YES;
				CLANG_WARN_SUSPICIOUS_MOVE = YES;
				CLANG_WARN_UNGUARDED_AVAILABILITY = YES_AGGRESSIVE;
				CLANG_WARN_UNREACHABLE_CODE = YES;
				CLANG_WARN__DUPLICATE_METHOD_MATCH = YES;
				CODE_SIGN_IDENTITY = "iPhone Developer";
				COPY_PHASE_STRIP = NO;
				DEBUG_INFORMATION_FORMAT = dwarf;
				ENABLE_STRICT_OBJC_MSGSEND = YES;
				ENABLE_TESTABILITY = YES;
				GCC_C_LANGUAGE_STANDARD = gnu11;
				GCC_DYNAMIC_NO_PIC = NO;
				GCC_NO_COMMON_BLOCKS = YES;
				GCC_OPTIMIZATION_LEVEL = 0;
				GCC_PREPROCESSOR_DEFINITIONS = (
					"DEBUG=1",
					"$(inherited)",
				);
				GCC_WARN_64_TO_32_BIT_CONVERSION = YES;
				GCC_WARN_ABOUT_RETURN_TYPE = YES_ERROR;
				GCC_WARN_UNDECLARED_SELECTOR = YES;
				GCC_WARN_UNINITIALIZED_AUTOS = YES_AGGRESSIVE;
				GCC_WARN_UNUSED_FUNCTION = YES;
				GCC_WARN_UNUSED_VARIABLE = YES;
				IPHONEOS_DEPLOYMENT_TARGET = 11.0;
				MTL_ENABLE_DEBUG_INFO = YES;
				ONLY_ACTIVE_ARCH = YES;
				SDKROOT = iphoneos;
				SWIFT_ACTIVE_COMPILATION_CONDITIONS = DEBUG;
				SWIFT_OPTIMIZATION_LEVEL = "-Onone";
			};
			name = Debug;
		};
		C9DBA48A1F8E02630089E871 /* Release */ = {
			isa = XCBuildConfiguration;
			buildSettings = {
				ALWAYS_SEARCH_USER_PATHS = NO;
				CLANG_ANALYZER_NONNULL = YES;
				CLANG_ANALYZER_NUMBER_OBJECT_CONVERSION = YES_AGGRESSIVE;
				CLANG_CXX_LANGUAGE_STANDARD = "gnu++14";
				CLANG_CXX_LIBRARY = "libc++";
				CLANG_ENABLE_MODULES = YES;
				CLANG_ENABLE_OBJC_ARC = YES;
				CLANG_WARN_BLOCK_CAPTURE_AUTORELEASING = YES;
				CLANG_WARN_BOOL_CONVERSION = YES;
				CLANG_WARN_COMMA = YES;
				CLANG_WARN_CONSTANT_CONVERSION = YES;
				CLANG_WARN_DIRECT_OBJC_ISA_USAGE = YES_ERROR;
				CLANG_WARN_DOCUMENTATION_COMMENTS = YES;
				CLANG_WARN_EMPTY_BODY = YES;
				CLANG_WARN_ENUM_CONVERSION = YES;
				CLANG_WARN_INFINITE_RECURSION = YES;
				CLANG_WARN_INT_CONVERSION = YES;
				CLANG_WARN_NON_LITERAL_NULL_CONVERSION = YES;
				CLANG_WARN_OBJC_LITERAL_CONVERSION = YES;
				CLANG_WARN_OBJC_ROOT_CLASS = YES_ERROR;
				CLANG_WARN_RANGE_LOOP_ANALYSIS = YES;
				CLANG_WARN_STRICT_PROTOTYPES = YES;
				CLANG_WARN_SUSPICIOUS_MOVE = YES;
				CLANG_WARN_UNGUARDED_AVAILABILITY = YES_AGGRESSIVE;
				CLANG_WARN_UNREACHABLE_CODE = YES;
				CLANG_WARN__DUPLICATE_METHOD_MATCH = YES;
				CODE_SIGN_IDENTITY = "iPhone Developer";
				COPY_PHASE_STRIP = NO;
				DEBUG_INFORMATION_FORMAT = "dwarf-with-dsym";
				ENABLE_NS_ASSERTIONS = NO;
				ENABLE_STRICT_OBJC_MSGSEND = YES;
				GCC_C_LANGUAGE_STANDARD = gnu11;
				GCC_NO_COMMON_BLOCKS = YES;
				GCC_WARN_64_TO_32_BIT_CONVERSION = YES;
				GCC_WARN_ABOUT_RETURN_TYPE = YES_ERROR;
				GCC_WARN_UNDECLARED_SELECTOR = YES;
				GCC_WARN_UNINITIALIZED_AUTOS = YES_AGGRESSIVE;
				GCC_WARN_UNUSED_FUNCTION = YES;
				GCC_WARN_UNUSED_VARIABLE = YES;
				IPHONEOS_DEPLOYMENT_TARGET = 11.0;
				MTL_ENABLE_DEBUG_INFO = NO;
				SDKROOT = iphoneos;
				SWIFT_OPTIMIZATION_LEVEL = "-Owholemodule";
				VALIDATE_PRODUCT = YES;
			};
			name = Release;
		};
		C9DBA48C1F8E02630089E871 /* Debug */ = {
			isa = XCBuildConfiguration;
			buildSettings = {
				ASSETCATALOG_COMPILER_APPICON_NAME = AppIcon;
				DEVELOPMENT_TEAM = 75DSSF437G;
				INFOPLIST_FILE = HelloUISegmentedControl/Info.plist;
				LD_RUNPATH_SEARCH_PATHS = "$(inherited) @executable_path/Frameworks";
				PRODUCT_BUNDLE_IDENTIFIER = com.zhangzp.HelloUISegmentedControl;
				PRODUCT_NAME = "$(TARGET_NAME)";
				SWIFT_VERSION = 4.0;
				TARGETED_DEVICE_FAMILY = "1,2";
			};
			name = Debug;
		};
		C9DBA48D1F8E02630089E871 /* Release */ = {
			isa = XCBuildConfiguration;
			buildSettings = {
				ASSETCATALOG_COMPILER_APPICON_NAME = AppIcon;
				DEVELOPMENT_TEAM = 75DSSF437G;
				INFOPLIST_FILE = HelloUISegmentedControl/Info.plist;
				LD_RUNPATH_SEARCH_PATHS = "$(inherited) @executable_path/Frameworks";
				PRODUCT_BUNDLE_IDENTIFIER = com.zhangzp.HelloUISegmentedControl;
				PRODUCT_NAME = "$(TARGET_NAME)";
				SWIFT_VERSION = 4.0;
				TARGETED_DEVICE_FAMILY = "1,2";
			};
			name = Release;
		};
/* End XCBuildConfiguration section */

/* Begin XCConfigurationList section */
		C9DBA4741F8E02630089E871 /* Build configuration list for PBXProject "HelloUISegmentedControl" */ = {
			isa = XCConfigurationList;
			buildConfigurations = (
				C9DBA4891F8E02630089E871 /* Debug */,
				C9DBA48A1F8E02630089E871 /* Release */,
			);
			defaultConfigurationIsVisible = 0;
			defaultConfigurationName = Release;
		};
		C9DBA48B1F8E02630089E871 /* Build configuration list for PBXNativeTarget "HelloUISegmentedControl" */ = {
			isa = XCConfigurationList;
			buildConfigurations = (
				C9DBA48C1F8E02630089E871 /* Debug */,
				C9DBA48D1F8E02630089E871 /* Release */,
			);
			defaultConfigurationIsVisible = 0;
			defaultConfigurationName = Release;
		};
/* End XCConfigurationList section */
	};
	rootObject = C9DBA4711F8E02630089E871 /* Project object */;
}
